
Microsoft Visual Studio Solution File, Format Version 12.00
# Visual Studio Version 16
VisualStudioVersion = 16.0.31515.178
MinimumVisualStudioVersion = 10.0.40219.1
Project("{8BC9CEB8-8B4A-11D0-8D11-00A0C91BC942}") = "TouchIt", "TouchIt\TouchIt.vcxproj", "{1A6AC273-2020-413E-9034-199A556FFFBC}"
EndProject
Global
	GlobalSection(SolutionConfigurationPlatforms) = preSolution
		Debug|x64 = Debug|x64
		Debug|x86 = Debug|x86
		Release|x64 = Release|x64
		Release|x86 = Release|x86
	EndGlobalSection
	GlobalSection(ProjectConfigurationPlatforms) = postSolution
		{1A6AC273-2020-413E-9034-199A556FFFBC}.Debug|x64.ActiveCfg = Debug|x64
		{1A6AC273-2020-413E-9034-199A556FFFBC}.Debug|x64.Build.0 = Debug|x64
		{1A6AC273-2020-413E-9034-199A556FFFBC}.Debug|x86.ActiveCfg = Debug|Win32
		{1A6AC273-2020-413E-9034-199A556FFFBC}.Debug|x86.Build.0 = Debug|Win32
		{1A6AC273-2020-413E-9034-199A556FFFBC}.Release|x64.ActiveCfg = Release|x64
		{1A6AC273-2020-413E-9034-199A556FFFBC}.Release|x64.Build.0 = Release|x64
		{1A6AC273-2020-413E-9034-199A556FFFBC}.Release|x86.ActiveCfg = Release|Win32
		{1A6AC273-2020-413E-9034-199A556FFFBC}.Release|x86.Build.0 = Release|Win32
	EndGlobalSection
	GlobalSection(SolutionProperties) = preSolution
		HideSolutionNode = FALSE
	EndGlobalSection
	GlobalSection(ExtensibilityGlobals) = postSolution
		SolutionGuid = {CEF98F75-217D-4FFC-8AB4-CCF2FE77F3C3}
	EndGlobalSection
EndGlobal
